
Microsoft Visual Studio Solution File, Format Version 12.00
# Visual Studio Version 16
VisualStudioVersion = 16.0.30523.141
MinimumVisualStudioVersion = 10.0.40219.1
Project("{FAE04EC0-301F-11D3-BF4B-00C04F79EFBC}") = "BookStoreApi", "BookStoreApi\BookStoreApi.csproj", "{96DD1B42-31E6-47E4-98E9-FC79C0C19DE9}"
EndProject
Project("{FAE04EC0-301F-11D3-BF4B-00C04F79EFBC}") = "BookStore.Auth.Common", "BookStore.Auth.Common\BookStore.Auth.Common.csproj", "{2AE4CE7D-1DF6-4F9B-9A83-B5ABB55EC313}"
EndProject
Project("{FAE04EC0-301F-11D3-BF4B-00C04F79EFBC}") = "BookStore.Resource.API", "BookStore.Resource.API\BookStore.Resource.API.csproj", "{328527AB-717D-4287-A0C6-4FE32109701D}"
EndProject
Global
	GlobalSection(SolutionConfigurationPlatforms) = preSolution
		Debug|Any CPU = Debug|Any CPU
		Release|Any CPU = Release|Any CPU
	EndGlobalSection
	GlobalSection(ProjectConfigurationPlatforms) = postSolution
		{96DD1B42-31E6-47E4-98E9-FC79C0C19DE9}.Debug|Any CPU.ActiveCfg = Debug|Any CPU
		{96DD1B42-31E6-47E4-98E9-FC79C0C19DE9}.Debug|Any CPU.Build.0 = Debug|Any CPU
		{96DD1B42-31E6-47E4-98E9-FC79C0C19DE9}.Release|Any CPU.ActiveCfg = Release|Any CPU
		{96DD1B42-31E6-47E4-98E9-FC79C0C19DE9}.Release|Any CPU.Build.0 = Release|Any CPU
		{2AE4CE7D-1DF6-4F9B-9A83-B5ABB55EC313}.Debug|Any CPU.ActiveCfg = Debug|Any CPU
		{2AE4CE7D-1DF6-4F9B-9A83-B5ABB55EC313}.Debug|Any CPU.Build.0 = Debug|Any CPU
		{2AE4CE7D-1DF6-4F9B-9A83-B5ABB55EC313}.Release|Any CPU.ActiveCfg = Release|Any CPU
		{2AE4CE7D-1DF6-4F9B-9A83-B5ABB55EC313}.Release|Any CPU.Build.0 = Release|Any CPU
		{328527AB-717D-4287-A0C6-4FE32109701D}.Debug|Any CPU.ActiveCfg = Debug|Any CPU
		{328527AB-717D-4287-A0C6-4FE32109701D}.Debug|Any CPU.Build.0 = Debug|Any CPU
		{328527AB-717D-4287-A0C6-4FE32109701D}.Release|Any CPU.ActiveCfg = Release|Any CPU
		{328527AB-717D-4287-A0C6-4FE32109701D}.Release|Any CPU.Build.0 = Release|Any CPU
	EndGlobalSection
	GlobalSection(SolutionProperties) = preSolution
		HideSolutionNode = FALSE
	EndGlobalSection
	GlobalSection(ExtensibilityGlobals) = postSolution
		SolutionGuid = {DBAC3E0F-1978-4AD1-A16F-378F25C34B67}
	EndGlobalSection
EndGlobal
